
Microsoft Visual Studio Solution File, Format Version 12.00
# Visual Studio Version 16
VisualStudioVersion = 16.0.30011.22
MinimumVisualStudioVersion = 10.0.40219.1
Project("{FAE04EC0-301F-11D3-BF4B-00C04F79EFBC}") = "Team MegaDesk", "Team MegaDesk.csproj", "{37DEDC57-1122-410B-9E43-C692AFFC2028}"
EndProject
Global
	GlobalSection(SolutionConfigurationPlatforms) = preSolution
		Debug|Any CPU = Debug|Any CPU
		Release|Any CPU = Release|Any CPU
	EndGlobalSection
	GlobalSection(ProjectConfigurationPlatforms) = postSolution
		{37DEDC57-1122-410B-9E43-C692AFFC2028}.Debug|Any CPU.ActiveCfg = Debug|Any CPU
		{37DEDC57-1122-410B-9E43-C692AFFC2028}.Debug|Any CPU.Build.0 = Debug|Any CPU
		{37DEDC57-1122-410B-9E43-C692AFFC2028}.Release|Any CPU.ActiveCfg = Release|Any CPU
		{37DEDC57-1122-410B-9E43-C692AFFC2028}.Release|Any CPU.Build.0 = Release|Any CPU
	EndGlobalSection
	GlobalSection(SolutionProperties) = preSolution
		HideSolutionNode = FALSE
	EndGlobalSection
	GlobalSection(ExtensibilityGlobals) = postSolution
		SolutionGuid = {AE9A1309-41C6-4C41-A708-593BB40836B2}
	EndGlobalSection
EndGlobal
